
Microsoft Visual Studio Solution File, Format Version 12.00
# Visual Studio 2013
VisualStudioVersion = 12.0.21005.1
MinimumVisualStudioVersion = 10.0.40219.1
Project("{FAE04EC0-301F-11D3-BF4B-00C04F79EFBC}") = "abstractClass", "abstractClass\abstractClass.csproj", "{EA75E3E7-40E0-4593-9C3C-4C17384D87FC}"
EndProject
Global
	GlobalSection(SolutionConfigurationPlatforms) = preSolution
		Debug|Any CPU = Debug|Any CPU
		Release|Any CPU = Release|Any CPU
	EndGlobalSection
	GlobalSection(ProjectConfigurationPlatforms) = postSolution
		{EA75E3E7-40E0-4593-9C3C-4C17384D87FC}.Debug|Any CPU.ActiveCfg = Debug|Any CPU
		{EA75E3E7-40E0-4593-9C3C-4C17384D87FC}.Debug|Any CPU.Build.0 = Debug|Any CPU
		{EA75E3E7-40E0-4593-9C3C-4C17384D87FC}.Release|Any CPU.ActiveCfg = Release|Any CPU
		{EA75E3E7-40E0-4593-9C3C-4C17384D87FC}.Release|Any CPU.Build.0 = Release|Any CPU
	EndGlobalSection
	GlobalSection(SolutionProperties) = preSolution
		HideSolutionNode = FALSE
	EndGlobalSection
EndGlobal
